
Microsoft Visual Studio Solution File, Format Version 12.00
# Visual Studio Version 17
VisualStudioVersion = 17.3.32922.545
MinimumVisualStudioVersion = 10.0.40219.1
Project("{FAE04EC0-301F-11D3-BF4B-00C04F79EFBC}") = "05. Sum Even Numbers", "Arrays\05. Sum Even Numbers.csproj", "{BC9D20E2-5262-4A81-ABC3-386053141007}"
EndProject
Project("{FAE04EC0-301F-11D3-BF4B-00C04F79EFBC}") = "06. Even and Odd Subtraction", "ConsoleApp1\06. Even and Odd Subtraction.csproj", "{156E327F-7206-4447-A9CC-35D3C463CFF0}"
EndProject
Project("{FAE04EC0-301F-11D3-BF4B-00C04F79EFBC}") = "07. Equal Arrays", "ConsoleApp2\07. Equal Arrays.csproj", "{FD850906-52D2-4B05-9551-C1D13DC03CF0}"
EndProject
Project("{FAE04EC0-301F-11D3-BF4B-00C04F79EFBC}") = "08. Condense Array to Number", "08. Condense Array to Number\08. Condense Array to Number.csproj", "{76CB9187-B525-4D84-9C66-CADF1DF88ADC}"
EndProject
Global
	GlobalSection(SolutionConfigurationPlatforms) = preSolution
		Debug|Any CPU = Debug|Any CPU
		Release|Any CPU = Release|Any CPU
	EndGlobalSection
	GlobalSection(ProjectConfigurationPlatforms) = postSolution
		{BC9D20E2-5262-4A81-ABC3-386053141007}.Debug|Any CPU.ActiveCfg = Debug|Any CPU
		{BC9D20E2-5262-4A81-ABC3-386053141007}.Debug|Any CPU.Build.0 = Debug|Any CPU
		{BC9D20E2-5262-4A81-ABC3-386053141007}.Release|Any CPU.ActiveCfg = Release|Any CPU
		{BC9D20E2-5262-4A81-ABC3-386053141007}.Release|Any CPU.Build.0 = Release|Any CPU
		{156E327F-7206-4447-A9CC-35D3C463CFF0}.Debug|Any CPU.ActiveCfg = Debug|Any CPU
		{156E327F-7206-4447-A9CC-35D3C463CFF0}.Debug|Any CPU.Build.0 = Debug|Any CPU
		{156E327F-7206-4447-A9CC-35D3C463CFF0}.Release|Any CPU.ActiveCfg = Release|Any CPU
		{156E327F-7206-4447-A9CC-35D3C463CFF0}.Release|Any CPU.Build.0 = Release|Any CPU
		{FD850906-52D2-4B05-9551-C1D13DC03CF0}.Debug|Any CPU.ActiveCfg = Debug|Any CPU
		{FD850906-52D2-4B05-9551-C1D13DC03CF0}.Debug|Any CPU.Build.0 = Debug|Any CPU
		{FD850906-52D2-4B05-9551-C1D13DC03CF0}.Release|Any CPU.ActiveCfg = Release|Any CPU
		{FD850906-52D2-4B05-9551-C1D13DC03CF0}.Release|Any CPU.Build.0 = Release|Any CPU
		{76CB9187-B525-4D84-9C66-CADF1DF88ADC}.Debug|Any CPU.ActiveCfg = Debug|Any CPU
		{76CB9187-B525-4D84-9C66-CADF1DF88ADC}.Debug|Any CPU.Build.0 = Debug|Any CPU
		{76CB9187-B525-4D84-9C66-CADF1DF88ADC}.Release|Any CPU.ActiveCfg = Release|Any CPU
		{76CB9187-B525-4D84-9C66-CADF1DF88ADC}.Release|Any CPU.Build.0 = Release|Any CPU
	EndGlobalSection
	GlobalSection(SolutionProperties) = preSolution
		HideSolutionNode = FALSE
	EndGlobalSection
	GlobalSection(ExtensibilityGlobals) = postSolution
		SolutionGuid = {D00EDB54-5DC6-4761-827B-F17EEAD721C5}
	EndGlobalSection
EndGlobal
