
Microsoft Visual Studio Solution File, Format Version 12.00
# Visual Studio Version 17
VisualStudioVersion = 17.3.32922.545
MinimumVisualStudioVersion = 10.0.40219.1
Project("{FAE04EC0-301F-11D3-BF4B-00C04F79EFBC}") = "01. Count Real Numbers", "01. Count Real Numbers\01. Count Real Numbers.csproj", "{03363D90-B6B0-402E-9B14-4BC7F7F35AA7}"
EndProject
Project("{FAE04EC0-301F-11D3-BF4B-00C04F79EFBC}") = "02. Odd Occurrences", "02. Odd Occurrences\02. Odd Occurrences.csproj", "{7A32C3FD-4838-45DD-BC3C-38F26BA2C0F9}"
EndProject
Project("{FAE04EC0-301F-11D3-BF4B-00C04F79EFBC}") = "3. Word Synonyms", "3. Word Synonyms\3. Word Synonyms.csproj", "{A177D990-418A-491F-825E-FB568DBA7B9D}"
EndProject
Project("{FAE04EC0-301F-11D3-BF4B-00C04F79EFBC}") = "04. Word Filter", "04. Word Filter\04. Word Filter.csproj", "{C6C9A1DD-F68B-4EC5-915D-16DF91F5EC84}"
EndProject
Global
	GlobalSection(SolutionConfigurationPlatforms) = preSolution
		Debug|Any CPU = Debug|Any CPU
		Release|Any CPU = Release|Any CPU
	EndGlobalSection
	GlobalSection(ProjectConfigurationPlatforms) = postSolution
		{03363D90-B6B0-402E-9B14-4BC7F7F35AA7}.Debug|Any CPU.ActiveCfg = Debug|Any CPU
		{03363D90-B6B0-402E-9B14-4BC7F7F35AA7}.Debug|Any CPU.Build.0 = Debug|Any CPU
		{03363D90-B6B0-402E-9B14-4BC7F7F35AA7}.Release|Any CPU.ActiveCfg = Release|Any CPU
		{03363D90-B6B0-402E-9B14-4BC7F7F35AA7}.Release|Any CPU.Build.0 = Release|Any CPU
		{7A32C3FD-4838-45DD-BC3C-38F26BA2C0F9}.Debug|Any CPU.ActiveCfg = Debug|Any CPU
		{7A32C3FD-4838-45DD-BC3C-38F26BA2C0F9}.Debug|Any CPU.Build.0 = Debug|Any CPU
		{7A32C3FD-4838-45DD-BC3C-38F26BA2C0F9}.Release|Any CPU.ActiveCfg = Release|Any CPU
		{7A32C3FD-4838-45DD-BC3C-38F26BA2C0F9}.Release|Any CPU.Build.0 = Release|Any CPU
		{A177D990-418A-491F-825E-FB568DBA7B9D}.Debug|Any CPU.ActiveCfg = Debug|Any CPU
		{A177D990-418A-491F-825E-FB568DBA7B9D}.Debug|Any CPU.Build.0 = Debug|Any CPU
		{A177D990-418A-491F-825E-FB568DBA7B9D}.Release|Any CPU.ActiveCfg = Release|Any CPU
		{A177D990-418A-491F-825E-FB568DBA7B9D}.Release|Any CPU.Build.0 = Release|Any CPU
		{C6C9A1DD-F68B-4EC5-915D-16DF91F5EC84}.Debug|Any CPU.ActiveCfg = Debug|Any CPU
		{C6C9A1DD-F68B-4EC5-915D-16DF91F5EC84}.Debug|Any CPU.Build.0 = Debug|Any CPU
		{C6C9A1DD-F68B-4EC5-915D-16DF91F5EC84}.Release|Any CPU.ActiveCfg = Release|Any CPU
		{C6C9A1DD-F68B-4EC5-915D-16DF91F5EC84}.Release|Any CPU.Build.0 = Release|Any CPU
	EndGlobalSection
	GlobalSection(SolutionProperties) = preSolution
		HideSolutionNode = FALSE
	EndGlobalSection
	GlobalSection(ExtensibilityGlobals) = postSolution
		SolutionGuid = {8F862139-49CB-4058-B458-921523273214}
	EndGlobalSection
EndGlobal
