
Microsoft Visual Studio Solution File, Format Version 12.00
# Visual Studio Version 16
VisualStudioVersion = 16.0.32602.291
MinimumVisualStudioVersion = 10.0.40219.1
Project("{FAE04EC0-301F-11D3-BF4B-00C04F79EFBC}") = "1. Convert Meters to Kilometers", "Data Types and Variables\1. Convert Meters to Kilometers.csproj", "{08567599-9E57-4C8B-8DF4-C28B3D69703E}"
EndProject
Project("{FAE04EC0-301F-11D3-BF4B-00C04F79EFBC}") = "02. Pounds to Dollars", "02. Pounds to Dollars\02. Pounds to Dollars.csproj", "{81B07139-A69C-4451-936A-6341301CD853}"
EndProject
Project("{FAE04EC0-301F-11D3-BF4B-00C04F79EFBC}") = "Exact Sum of Real Numbers", "Exact Sum of Real Numbers\Exact Sum of Real Numbers.csproj", "{C873A26D-0EFD-497B-8495-E7D38987CF42}"
EndProject
Project("{FAE04EC0-301F-11D3-BF4B-00C04F79EFBC}") = "04. Centuries to Minutes", "04. Centuries to Minutes\04. Centuries to Minutes.csproj", "{DB8E9681-8445-4C67-BD6D-C036EB490DAC}"
EndProject
Project("{FAE04EC0-301F-11D3-BF4B-00C04F79EFBC}") = "05. Special Numbers", "05. Special Numbers\05. Special Numbers.csproj", "{FA8967D6-3F79-4190-AAAF-068B8C394E5E}"
EndProject
Project("{FAE04EC0-301F-11D3-BF4B-00C04F79EFBC}") = "06. Reversed Chars", "06. Reversed Chars\06. Reversed Chars.csproj", "{C4B47F7C-A2BE-4BC1-ADE8-D364AC7750BD}"
EndProject
Project("{FAE04EC0-301F-11D3-BF4B-00C04F79EFBC}") = "07. Concat Names", "07. Concat Names\07. Concat Names.csproj", "{6DD4E310-56FE-4A58-9377-CBA6FF3DF7BE}"
EndProject
Project("{FAE04EC0-301F-11D3-BF4B-00C04F79EFBC}") = "08. Town Info", "08. Town Info\08. Town Info.csproj", "{DF2CE0CD-F3BB-47FE-AF29-BE530D14DAA6}"
EndProject
Project("{FAE04EC0-301F-11D3-BF4B-00C04F79EFBC}") = "09. Chars to String", "09. Chars to String\09. Chars to String.csproj", "{D6422E1A-E93C-4091-A846-89FFB5E02971}"
EndProject
Project("{FAE04EC0-301F-11D3-BF4B-00C04F79EFBC}") = "10. Lower or Upper", "10. Lower or Upper\10. Lower or Upper.csproj", "{B28FCE4F-DBB4-41DF-9D52-9F47ACE9E07A}"
EndProject
Project("{FAE04EC0-301F-11D3-BF4B-00C04F79EFBC}") = "11. Refactor Volume of Pyramid", "11. Refactor Volume of Pyramid\11. Refactor Volume of Pyramid.csproj", "{C929E0A0-61CA-4FD8-9918-F3B3415114BB}"
EndProject
Project("{FAE04EC0-301F-11D3-BF4B-00C04F79EFBC}") = "12. Refactor Special Numbers", "12. Refactor Special Numbers\12. Refactor Special Numbers.csproj", "{FCCACD1A-F94A-48BD-B9E1-FAE77689D245}"
EndProject
Global
	GlobalSection(SolutionConfigurationPlatforms) = preSolution
		Debug|Any CPU = Debug|Any CPU
		Release|Any CPU = Release|Any CPU
	EndGlobalSection
	GlobalSection(ProjectConfigurationPlatforms) = postSolution
		{08567599-9E57-4C8B-8DF4-C28B3D69703E}.Debug|Any CPU.ActiveCfg = Debug|Any CPU
		{08567599-9E57-4C8B-8DF4-C28B3D69703E}.Debug|Any CPU.Build.0 = Debug|Any CPU
		{08567599-9E57-4C8B-8DF4-C28B3D69703E}.Release|Any CPU.ActiveCfg = Release|Any CPU
		{08567599-9E57-4C8B-8DF4-C28B3D69703E}.Release|Any CPU.Build.0 = Release|Any CPU
		{81B07139-A69C-4451-936A-6341301CD853}.Debug|Any CPU.ActiveCfg = Debug|Any CPU
		{81B07139-A69C-4451-936A-6341301CD853}.Debug|Any CPU.Build.0 = Debug|Any CPU
		{81B07139-A69C-4451-936A-6341301CD853}.Release|Any CPU.ActiveCfg = Release|Any CPU
		{81B07139-A69C-4451-936A-6341301CD853}.Release|Any CPU.Build.0 = Release|Any CPU
		{C873A26D-0EFD-497B-8495-E7D38987CF42}.Debug|Any CPU.ActiveCfg = Debug|Any CPU
		{C873A26D-0EFD-497B-8495-E7D38987CF42}.Debug|Any CPU.Build.0 = Debug|Any CPU
		{C873A26D-0EFD-497B-8495-E7D38987CF42}.Release|Any CPU.ActiveCfg = Release|Any CPU
		{C873A26D-0EFD-497B-8495-E7D38987CF42}.Release|Any CPU.Build.0 = Release|Any CPU
		{DB8E9681-8445-4C67-BD6D-C036EB490DAC}.Debug|Any CPU.ActiveCfg = Debug|Any CPU
		{DB8E9681-8445-4C67-BD6D-C036EB490DAC}.Debug|Any CPU.Build.0 = Debug|Any CPU
		{DB8E9681-8445-4C67-BD6D-C036EB490DAC}.Release|Any CPU.ActiveCfg = Release|Any CPU
		{DB8E9681-8445-4C67-BD6D-C036EB490DAC}.Release|Any CPU.Build.0 = Release|Any CPU
		{FA8967D6-3F79-4190-AAAF-068B8C394E5E}.Debug|Any CPU.ActiveCfg = Debug|Any CPU
		{FA8967D6-3F79-4190-AAAF-068B8C394E5E}.Debug|Any CPU.Build.0 = Debug|Any CPU
		{FA8967D6-3F79-4190-AAAF-068B8C394E5E}.Release|Any CPU.ActiveCfg = Release|Any CPU
		{FA8967D6-3F79-4190-AAAF-068B8C394E5E}.Release|Any CPU.Build.0 = Release|Any CPU
		{C4B47F7C-A2BE-4BC1-ADE8-D364AC7750BD}.Debug|Any CPU.ActiveCfg = Debug|Any CPU
		{C4B47F7C-A2BE-4BC1-ADE8-D364AC7750BD}.Debug|Any CPU.Build.0 = Debug|Any CPU
		{C4B47F7C-A2BE-4BC1-ADE8-D364AC7750BD}.Release|Any CPU.ActiveCfg = Release|Any CPU
		{C4B47F7C-A2BE-4BC1-ADE8-D364AC7750BD}.Release|Any CPU.Build.0 = Release|Any CPU
		{6DD4E310-56FE-4A58-9377-CBA6FF3DF7BE}.Debug|Any CPU.ActiveCfg = Debug|Any CPU
		{6DD4E310-56FE-4A58-9377-CBA6FF3DF7BE}.Debug|Any CPU.Build.0 = Debug|Any CPU
		{6DD4E310-56FE-4A58-9377-CBA6FF3DF7BE}.Release|Any CPU.ActiveCfg = Release|Any CPU
		{6DD4E310-56FE-4A58-9377-CBA6FF3DF7BE}.Release|Any CPU.Build.0 = Release|Any CPU
		{DF2CE0CD-F3BB-47FE-AF29-BE530D14DAA6}.Debug|Any CPU.ActiveCfg = Debug|Any CPU
		{DF2CE0CD-F3BB-47FE-AF29-BE530D14DAA6}.Debug|Any CPU.Build.0 = Debug|Any CPU
		{DF2CE0CD-F3BB-47FE-AF29-BE530D14DAA6}.Release|Any CPU.ActiveCfg = Release|Any CPU
		{DF2CE0CD-F3BB-47FE-AF29-BE530D14DAA6}.Release|Any CPU.Build.0 = Release|Any CPU
		{D6422E1A-E93C-4091-A846-89FFB5E02971}.Debug|Any CPU.ActiveCfg = Debug|Any CPU
		{D6422E1A-E93C-4091-A846-89FFB5E02971}.Debug|Any CPU.Build.0 = Debug|Any CPU
		{D6422E1A-E93C-4091-A846-89FFB5E02971}.Release|Any CPU.ActiveCfg = Release|Any CPU
		{D6422E1A-E93C-4091-A846-89FFB5E02971}.Release|Any CPU.Build.0 = Release|Any CPU
		{B28FCE4F-DBB4-41DF-9D52-9F47ACE9E07A}.Debug|Any CPU.ActiveCfg = Debug|Any CPU
		{B28FCE4F-DBB4-41DF-9D52-9F47ACE9E07A}.Debug|Any CPU.Build.0 = Debug|Any CPU
		{B28FCE4F-DBB4-41DF-9D52-9F47ACE9E07A}.Release|Any CPU.ActiveCfg = Release|Any CPU
		{B28FCE4F-DBB4-41DF-9D52-9F47ACE9E07A}.Release|Any CPU.Build.0 = Release|Any CPU
		{C929E0A0-61CA-4FD8-9918-F3B3415114BB}.Debug|Any CPU.ActiveCfg = Debug|Any CPU
		{C929E0A0-61CA-4FD8-9918-F3B3415114BB}.Debug|Any CPU.Build.0 = Debug|Any CPU
		{C929E0A0-61CA-4FD8-9918-F3B3415114BB}.Release|Any CPU.ActiveCfg = Release|Any CPU
		{C929E0A0-61CA-4FD8-9918-F3B3415114BB}.Release|Any CPU.Build.0 = Release|Any CPU
		{FCCACD1A-F94A-48BD-B9E1-FAE77689D245}.Debug|Any CPU.ActiveCfg = Debug|Any CPU
		{FCCACD1A-F94A-48BD-B9E1-FAE77689D245}.Debug|Any CPU.Build.0 = Debug|Any CPU
		{FCCACD1A-F94A-48BD-B9E1-FAE77689D245}.Release|Any CPU.ActiveCfg = Release|Any CPU
		{FCCACD1A-F94A-48BD-B9E1-FAE77689D245}.Release|Any CPU.Build.0 = Release|Any CPU
	EndGlobalSection
	GlobalSection(SolutionProperties) = preSolution
		HideSolutionNode = FALSE
	EndGlobalSection
	GlobalSection(ExtensibilityGlobals) = postSolution
		SolutionGuid = {5AD9E65B-4760-4C65-9F40-210DBB8E2627}
	EndGlobalSection
EndGlobal
