
Microsoft Visual Studio Solution File, Format Version 12.00
# Visual Studio Version 17
VisualStudioVersion = 17.3.32922.545
MinimumVisualStudioVersion = 10.0.40219.1
Project("{FAE04EC0-301F-11D3-BF4B-00C04F79EFBC}") = "01. Randomize Words", "01. Randomize Words\01. Randomize Words.csproj", "{32C24187-3DF1-4705-8258-04EB6C382739}"
EndProject
Project("{FAE04EC0-301F-11D3-BF4B-00C04F79EFBC}") = "02. Big Factorial", "02. Big Factorial\02. Big Factorial.csproj", "{146E935F-6D76-4714-82D9-E31071C98E0E}"
EndProject
Project("{FAE04EC0-301F-11D3-BF4B-00C04F79EFBC}") = "03. Songs", "03. Songs\03. Songs.csproj", "{E9012A9F-3363-4634-BEDF-912BDFB02DAB}"
EndProject
Project("{FAE04EC0-301F-11D3-BF4B-00C04F79EFBC}") = "04. Students", "04. Students\04. Students.csproj", "{46836E56-F679-4F48-92A2-502BA3C13BD2}"
EndProject
Project("{FAE04EC0-301F-11D3-BF4B-00C04F79EFBC}") = "05. Students 2.0", "05. Students 2.0\05. Students 2.0.csproj", "{428C12A1-9C9E-47AC-88DE-F04A63BFD0DC}"
EndProject
Project("{FAE04EC0-301F-11D3-BF4B-00C04F79EFBC}") = "06. Store Boxes", "06. Store Boxes\06. Store Boxes.csproj", "{8403D688-B7EE-40CD-A6E9-3A2EE2A63DB6}"
EndProject
Project("{FAE04EC0-301F-11D3-BF4B-00C04F79EFBC}") = "07. Vehicle Catalogue", "07. Vehicle Catalogue\07. Vehicle Catalogue.csproj", "{0D36A5AC-4596-45F2-900D-FEC5741D2957}"
EndProject
Global
	GlobalSection(SolutionConfigurationPlatforms) = preSolution
		Debug|Any CPU = Debug|Any CPU
		Release|Any CPU = Release|Any CPU
	EndGlobalSection
	GlobalSection(ProjectConfigurationPlatforms) = postSolution
		{32C24187-3DF1-4705-8258-04EB6C382739}.Debug|Any CPU.ActiveCfg = Debug|Any CPU
		{32C24187-3DF1-4705-8258-04EB6C382739}.Debug|Any CPU.Build.0 = Debug|Any CPU
		{32C24187-3DF1-4705-8258-04EB6C382739}.Release|Any CPU.ActiveCfg = Release|Any CPU
		{32C24187-3DF1-4705-8258-04EB6C382739}.Release|Any CPU.Build.0 = Release|Any CPU
		{146E935F-6D76-4714-82D9-E31071C98E0E}.Debug|Any CPU.ActiveCfg = Debug|Any CPU
		{146E935F-6D76-4714-82D9-E31071C98E0E}.Debug|Any CPU.Build.0 = Debug|Any CPU
		{146E935F-6D76-4714-82D9-E31071C98E0E}.Release|Any CPU.ActiveCfg = Release|Any CPU
		{146E935F-6D76-4714-82D9-E31071C98E0E}.Release|Any CPU.Build.0 = Release|Any CPU
		{E9012A9F-3363-4634-BEDF-912BDFB02DAB}.Debug|Any CPU.ActiveCfg = Debug|Any CPU
		{E9012A9F-3363-4634-BEDF-912BDFB02DAB}.Debug|Any CPU.Build.0 = Debug|Any CPU
		{E9012A9F-3363-4634-BEDF-912BDFB02DAB}.Release|Any CPU.ActiveCfg = Release|Any CPU
		{E9012A9F-3363-4634-BEDF-912BDFB02DAB}.Release|Any CPU.Build.0 = Release|Any CPU
		{46836E56-F679-4F48-92A2-502BA3C13BD2}.Debug|Any CPU.ActiveCfg = Debug|Any CPU
		{46836E56-F679-4F48-92A2-502BA3C13BD2}.Debug|Any CPU.Build.0 = Debug|Any CPU
		{46836E56-F679-4F48-92A2-502BA3C13BD2}.Release|Any CPU.ActiveCfg = Release|Any CPU
		{46836E56-F679-4F48-92A2-502BA3C13BD2}.Release|Any CPU.Build.0 = Release|Any CPU
		{428C12A1-9C9E-47AC-88DE-F04A63BFD0DC}.Debug|Any CPU.ActiveCfg = Debug|Any CPU
		{428C12A1-9C9E-47AC-88DE-F04A63BFD0DC}.Debug|Any CPU.Build.0 = Debug|Any CPU
		{428C12A1-9C9E-47AC-88DE-F04A63BFD0DC}.Release|Any CPU.ActiveCfg = Release|Any CPU
		{428C12A1-9C9E-47AC-88DE-F04A63BFD0DC}.Release|Any CPU.Build.0 = Release|Any CPU
		{8403D688-B7EE-40CD-A6E9-3A2EE2A63DB6}.Debug|Any CPU.ActiveCfg = Debug|Any CPU
		{8403D688-B7EE-40CD-A6E9-3A2EE2A63DB6}.Debug|Any CPU.Build.0 = Debug|Any CPU
		{8403D688-B7EE-40CD-A6E9-3A2EE2A63DB6}.Release|Any CPU.ActiveCfg = Release|Any CPU
		{8403D688-B7EE-40CD-A6E9-3A2EE2A63DB6}.Release|Any CPU.Build.0 = Release|Any CPU
		{0D36A5AC-4596-45F2-900D-FEC5741D2957}.Debug|Any CPU.ActiveCfg = Debug|Any CPU
		{0D36A5AC-4596-45F2-900D-FEC5741D2957}.Debug|Any CPU.Build.0 = Debug|Any CPU
		{0D36A5AC-4596-45F2-900D-FEC5741D2957}.Release|Any CPU.ActiveCfg = Release|Any CPU
		{0D36A5AC-4596-45F2-900D-FEC5741D2957}.Release|Any CPU.Build.0 = Release|Any CPU
	EndGlobalSection
	GlobalSection(SolutionProperties) = preSolution
		HideSolutionNode = FALSE
	EndGlobalSection
	GlobalSection(ExtensibilityGlobals) = postSolution
		SolutionGuid = {AD76958F-1904-467E-837A-6B0EC8ECF431}
	EndGlobalSection
EndGlobal
