
Microsoft Visual Studio Solution File, Format Version 12.00
# Visual Studio Version 17
VisualStudioVersion = 17.3.32922.545
MinimumVisualStudioVersion = 10.0.40219.1
Project("{FAE04EC0-301F-11D3-BF4B-00C04F79EFBC}") = "01. Furniture", "01. Furniture\01. Furniture.csproj", "{5A6FCB7C-17DC-4635-9619-0E4FC9F4443E}"
EndProject
Project("{FAE04EC0-301F-11D3-BF4B-00C04F79EFBC}") = "02. Race", "02. Race\02. Race.csproj", "{DE25588A-9451-4C46-AA84-10C059F6B846}"
EndProject
Project("{FAE04EC0-301F-11D3-BF4B-00C04F79EFBC}") = "03. SoftUni Bar Income", "03. SoftUni Bar Income\03. SoftUni Bar Income.csproj", "{BEB94D37-CBC9-4778-8867-B277FA9B29E1}"
EndProject
Global
	GlobalSection(SolutionConfigurationPlatforms) = preSolution
		Debug|Any CPU = Debug|Any CPU
		Release|Any CPU = Release|Any CPU
	EndGlobalSection
	GlobalSection(ProjectConfigurationPlatforms) = postSolution
		{5A6FCB7C-17DC-4635-9619-0E4FC9F4443E}.Debug|Any CPU.ActiveCfg = Debug|Any CPU
		{5A6FCB7C-17DC-4635-9619-0E4FC9F4443E}.Debug|Any CPU.Build.0 = Debug|Any CPU
		{5A6FCB7C-17DC-4635-9619-0E4FC9F4443E}.Release|Any CPU.ActiveCfg = Release|Any CPU
		{5A6FCB7C-17DC-4635-9619-0E4FC9F4443E}.Release|Any CPU.Build.0 = Release|Any CPU
		{DE25588A-9451-4C46-AA84-10C059F6B846}.Debug|Any CPU.ActiveCfg = Debug|Any CPU
		{DE25588A-9451-4C46-AA84-10C059F6B846}.Debug|Any CPU.Build.0 = Debug|Any CPU
		{DE25588A-9451-4C46-AA84-10C059F6B846}.Release|Any CPU.ActiveCfg = Release|Any CPU
		{DE25588A-9451-4C46-AA84-10C059F6B846}.Release|Any CPU.Build.0 = Release|Any CPU
		{BEB94D37-CBC9-4778-8867-B277FA9B29E1}.Debug|Any CPU.ActiveCfg = Debug|Any CPU
		{BEB94D37-CBC9-4778-8867-B277FA9B29E1}.Debug|Any CPU.Build.0 = Debug|Any CPU
		{BEB94D37-CBC9-4778-8867-B277FA9B29E1}.Release|Any CPU.ActiveCfg = Release|Any CPU
		{BEB94D37-CBC9-4778-8867-B277FA9B29E1}.Release|Any CPU.Build.0 = Release|Any CPU
	EndGlobalSection
	GlobalSection(SolutionProperties) = preSolution
		HideSolutionNode = FALSE
	EndGlobalSection
	GlobalSection(ExtensibilityGlobals) = postSolution
		SolutionGuid = {F87CFEFD-E3BC-4768-9FE5-419FE4BA8DD4}
	EndGlobalSection
EndGlobal
