
Microsoft Visual Studio Solution File, Format Version 12.00
# Visual Studio Version 16
VisualStudioVersion = 16.0.32602.291
MinimumVisualStudioVersion = 10.0.40219.1
Project("{FAE04EC0-301F-11D3-BF4B-00C04F79EFBC}") = "While Loop - Lab", "While Loop - Lab\While Loop - Lab.csproj", "{C9360495-1003-4742-82F5-41652FD11A14}"
EndProject
Global
	GlobalSection(SolutionConfigurationPlatforms) = preSolution
		Debug|Any CPU = Debug|Any CPU
		Release|Any CPU = Release|Any CPU
	EndGlobalSection
	GlobalSection(ProjectConfigurationPlatforms) = postSolution
		{C9360495-1003-4742-82F5-41652FD11A14}.Debug|Any CPU.ActiveCfg = Debug|Any CPU
		{C9360495-1003-4742-82F5-41652FD11A14}.Debug|Any CPU.Build.0 = Debug|Any CPU
		{C9360495-1003-4742-82F5-41652FD11A14}.Release|Any CPU.ActiveCfg = Release|Any CPU
		{C9360495-1003-4742-82F5-41652FD11A14}.Release|Any CPU.Build.0 = Release|Any CPU
	EndGlobalSection
	GlobalSection(SolutionProperties) = preSolution
		HideSolutionNode = FALSE
	EndGlobalSection
	GlobalSection(ExtensibilityGlobals) = postSolution
		SolutionGuid = {3158DF06-7878-4430-9066-B5EEA3826062}
	EndGlobalSection
EndGlobal
