
Microsoft Visual Studio Solution File, Format Version 12.00
# Visual Studio Version 16
VisualStudioVersion = 16.0.30621.155
MinimumVisualStudioVersion = 10.0.40219.1
Project("{FAE04EC0-301F-11D3-BF4B-00C04F79EFBC}") = "Училище", "Училище\Училище.csproj", "{3798375B-A317-449F-AC68-9ED66379DF64}"
EndProject
Global
	GlobalSection(SolutionConfigurationPlatforms) = preSolution
		Debug|Any CPU = Debug|Any CPU
		Release|Any CPU = Release|Any CPU
	EndGlobalSection
	GlobalSection(ProjectConfigurationPlatforms) = postSolution
		{3798375B-A317-449F-AC68-9ED66379DF64}.Debug|Any CPU.ActiveCfg = Debug|Any CPU
		{3798375B-A317-449F-AC68-9ED66379DF64}.Debug|Any CPU.Build.0 = Debug|Any CPU
		{3798375B-A317-449F-AC68-9ED66379DF64}.Release|Any CPU.ActiveCfg = Release|Any CPU
		{3798375B-A317-449F-AC68-9ED66379DF64}.Release|Any CPU.Build.0 = Release|Any CPU
	EndGlobalSection
	GlobalSection(SolutionProperties) = preSolution
		HideSolutionNode = FALSE
	EndGlobalSection
	GlobalSection(ExtensibilityGlobals) = postSolution
		SolutionGuid = {52F9A3AC-8506-413F-A48D-42833AFAAE28}
	EndGlobalSection
EndGlobal
